{
  "name": "orm_bahia",
  "version": "1.0.0",
  "lockfileVersion": 3,
  "requires": true,
  "packages": {
    "": {
      "name": "orm_bahia",
      "version": "1.0.0",
      "license": "ISC",
      "dependencies": {
        "orm_bahia": "^1.0.0"
      }
    },
    "node_modules/orm_bahia": {
      "version": "1.0.0",
      "resolved": "https://registry.npmjs.org/orm_bahia/-/orm_bahia-1.0.0.tgz",
      "integrity": "sha512-dS0tJi3P0Yqnt5dyrZi7Pb9357b5oqg6yPjvkUth1wkVTiXO1XNW6u3TpcI7dEy91ox3bsrqHYDyO0U76f+RiA=="
    }
  }
}
